
Microsoft Visual Studio Solution File, Format Version 12.00
# Visual Studio Version 17
VisualStudioVersion = 17.0.31903.59
MinimumVisualStudioVersion = 10.0.40219.1
Project("{FAE04EC0-301F-11D3-BF4B-00C04F79EFBC}") = "Infrastructure", "Infrastructure\Infrastructure.csproj", "{9FF31160-8C10-450E-A496-FDAD0D21ADE0}"
EndProject
Project("{FAE04EC0-301F-11D3-BF4B-00C04F79EFBC}") = "Domain", "Domain\Domain.csproj", "{4596A2DB-25D3-4201-BDF5-EA18464CDB2F}"
EndProject
Project("{FAE04EC0-301F-11D3-BF4B-00C04F79EFBC}") = "API", "API\API.csproj", "{91CF151C-F3C7-4326-A00C-FDCA2CF9A896}"
EndProject
Project("{FAE04EC0-301F-11D3-BF4B-00C04F79EFBC}") = "Application", "Application\Application.csproj", "{AAF966C2-F5B6-412C-AB2D-6EB375346ACE}"
EndProject
Global
	GlobalSection(SolutionConfigurationPlatforms) = preSolution
		Debug|Any CPU = Debug|Any CPU
		Debug|x64 = Debug|x64
		Debug|x86 = Debug|x86
		Release|Any CPU = Release|Any CPU
		Release|x64 = Release|x64
		Release|x86 = Release|x86
	EndGlobalSection
	GlobalSection(ProjectConfigurationPlatforms) = postSolution
		{9FF31160-8C10-450E-A496-FDAD0D21ADE0}.Debug|Any CPU.ActiveCfg = Debug|Any CPU
		{9FF31160-8C10-450E-A496-FDAD0D21ADE0}.Debug|Any CPU.Build.0 = Debug|Any CPU
		{9FF31160-8C10-450E-A496-FDAD0D21ADE0}.Debug|x64.ActiveCfg = Debug|Any CPU
		{9FF31160-8C10-450E-A496-FDAD0D21ADE0}.Debug|x64.Build.0 = Debug|Any CPU
		{9FF31160-8C10-450E-A496-FDAD0D21ADE0}.Debug|x86.ActiveCfg = Debug|Any CPU
		{9FF31160-8C10-450E-A496-FDAD0D21ADE0}.Debug|x86.Build.0 = Debug|Any CPU
		{9FF31160-8C10-450E-A496-FDAD0D21ADE0}.Release|Any CPU.ActiveCfg = Release|Any CPU
		{9FF31160-8C10-450E-A496-FDAD0D21ADE0}.Release|Any CPU.Build.0 = Release|Any CPU
		{9FF31160-8C10-450E-A496-FDAD0D21ADE0}.Release|x64.ActiveCfg = Release|Any CPU
		{9FF31160-8C10-450E-A496-FDAD0D21ADE0}.Release|x64.Build.0 = Release|Any CPU
		{9FF31160-8C10-450E-A496-FDAD0D21ADE0}.Release|x86.ActiveCfg = Release|Any CPU
		{9FF31160-8C10-450E-A496-FDAD0D21ADE0}.Release|x86.Build.0 = Release|Any CPU
		{4596A2DB-25D3-4201-BDF5-EA18464CDB2F}.Debug|Any CPU.ActiveCfg = Debug|Any CPU
		{4596A2DB-25D3-4201-BDF5-EA18464CDB2F}.Debug|Any CPU.Build.0 = Debug|Any CPU
		{4596A2DB-25D3-4201-BDF5-EA18464CDB2F}.Debug|x64.ActiveCfg = Debug|Any CPU
		{4596A2DB-25D3-4201-BDF5-EA18464CDB2F}.Debug|x64.Build.0 = Debug|Any CPU
		{4596A2DB-25D3-4201-BDF5-EA18464CDB2F}.Debug|x86.ActiveCfg = Debug|Any CPU
		{4596A2DB-25D3-4201-BDF5-EA18464CDB2F}.Debug|x86.Build.0 = Debug|Any CPU
		{4596A2DB-25D3-4201-BDF5-EA18464CDB2F}.Release|Any CPU.ActiveCfg = Release|Any CPU
		{4596A2DB-25D3-4201-BDF5-EA18464CDB2F}.Release|Any CPU.Build.0 = Release|Any CPU
		{4596A2DB-25D3-4201-BDF5-EA18464CDB2F}.Release|x64.ActiveCfg = Release|Any CPU
		{4596A2DB-25D3-4201-BDF5-EA18464CDB2F}.Release|x64.Build.0 = Release|Any CPU
		{4596A2DB-25D3-4201-BDF5-EA18464CDB2F}.Release|x86.ActiveCfg = Release|Any CPU
		{4596A2DB-25D3-4201-BDF5-EA18464CDB2F}.Release|x86.Build.0 = Release|Any CPU
		{91CF151C-F3C7-4326-A00C-FDCA2CF9A896}.Debug|Any CPU.ActiveCfg = Debug|Any CPU
		{91CF151C-F3C7-4326-A00C-FDCA2CF9A896}.Debug|Any CPU.Build.0 = Debug|Any CPU
		{91CF151C-F3C7-4326-A00C-FDCA2CF9A896}.Debug|x64.ActiveCfg = Debug|Any CPU
		{91CF151C-F3C7-4326-A00C-FDCA2CF9A896}.Debug|x64.Build.0 = Debug|Any CPU
		{91CF151C-F3C7-4326-A00C-FDCA2CF9A896}.Debug|x86.ActiveCfg = Debug|Any CPU
		{91CF151C-F3C7-4326-A00C-FDCA2CF9A896}.Debug|x86.Build.0 = Debug|Any CPU
		{91CF151C-F3C7-4326-A00C-FDCA2CF9A896}.Release|Any CPU.ActiveCfg = Release|Any CPU
		{91CF151C-F3C7-4326-A00C-FDCA2CF9A896}.Release|Any CPU.Build.0 = Release|Any CPU
		{91CF151C-F3C7-4326-A00C-FDCA2CF9A896}.Release|x64.ActiveCfg = Release|Any CPU
		{91CF151C-F3C7-4326-A00C-FDCA2CF9A896}.Release|x64.Build.0 = Release|Any CPU
		{91CF151C-F3C7-4326-A00C-FDCA2CF9A896}.Release|x86.ActiveCfg = Release|Any CPU
		{91CF151C-F3C7-4326-A00C-FDCA2CF9A896}.Release|x86.Build.0 = Release|Any CPU
		{AAF966C2-F5B6-412C-AB2D-6EB375346ACE}.Debug|Any CPU.ActiveCfg = Debug|Any CPU
		{AAF966C2-F5B6-412C-AB2D-6EB375346ACE}.Debug|Any CPU.Build.0 = Debug|Any CPU
		{AAF966C2-F5B6-412C-AB2D-6EB375346ACE}.Debug|x64.ActiveCfg = Debug|Any CPU
		{AAF966C2-F5B6-412C-AB2D-6EB375346ACE}.Debug|x64.Build.0 = Debug|Any CPU
		{AAF966C2-F5B6-412C-AB2D-6EB375346ACE}.Debug|x86.ActiveCfg = Debug|Any CPU
		{AAF966C2-F5B6-412C-AB2D-6EB375346ACE}.Debug|x86.Build.0 = Debug|Any CPU
		{AAF966C2-F5B6-412C-AB2D-6EB375346ACE}.Release|Any CPU.ActiveCfg = Release|Any CPU
		{AAF966C2-F5B6-412C-AB2D-6EB375346ACE}.Release|Any CPU.Build.0 = Release|Any CPU
		{AAF966C2-F5B6-412C-AB2D-6EB375346ACE}.Release|x64.ActiveCfg = Release|Any CPU
		{AAF966C2-F5B6-412C-AB2D-6EB375346ACE}.Release|x64.Build.0 = Release|Any CPU
		{AAF966C2-F5B6-412C-AB2D-6EB375346ACE}.Release|x86.ActiveCfg = Release|Any CPU
		{AAF966C2-F5B6-412C-AB2D-6EB375346ACE}.Release|x86.Build.0 = Release|Any CPU
	EndGlobalSection
	GlobalSection(SolutionProperties) = preSolution
		HideSolutionNode = FALSE
	EndGlobalSection
	GlobalSection(ExtensibilityGlobals) = postSolution
		SolutionGuid = {5978BCA2-7703-4265-8C71-3E33D1CDE26F}
	EndGlobalSection
EndGlobal
