
Microsoft Visual Studio Solution File, Format Version 12.00
# Visual Studio Version 17
VisualStudioVersion = 17.0.31903.59
MinimumVisualStudioVersion = 10.0.40219.1
Project("{2150E333-8FDC-42A3-9474-1A3956D46DE8}") = "SpagWallet.Domain", "SpagWallet.Domain", "{CAD50A08-B0AA-BA0C-EDAF-0BFA994C67F9}"
EndProject
Project("{FAE04EC0-301F-11D3-BF4B-00C04F79EFBC}") = "Domain", "SpagWallet.Domain\Domain.csproj", "{9ED9FCE4-B01B-4858-A3A0-6529D0BCA59B}"
EndProject
Project("{2150E333-8FDC-42A3-9474-1A3956D46DE8}") = "SpagWallet.Application", "SpagWallet.Application", "{98414593-C198-6184-71E2-0A60103D2C88}"
EndProject
Project("{FAE04EC0-301F-11D3-BF4B-00C04F79EFBC}") = "Application", "SpagWallet.Application\Application.csproj", "{C3562959-7F63-413D-B779-C371F7A32232}"
EndProject
Project("{2150E333-8FDC-42A3-9474-1A3956D46DE8}") = "SpagWallet.Infrastructure", "SpagWallet.Infrastructure", "{921944E4-D35A-113F-E462-031CA053FB48}"
EndProject
Project("{FAE04EC0-301F-11D3-BF4B-00C04F79EFBC}") = "Infrastructure", "SpagWallet.Infrastructure\Infrastructure.csproj", "{E53196C2-ABF7-4364-A934-52E4596F7C3A}"
EndProject
Project("{2150E333-8FDC-42A3-9474-1A3956D46DE8}") = "SpagWallet.API", "SpagWallet.API", "{1D2C0782-118A-74BB-1CEB-889D4651502A}"
EndProject
Project("{FAE04EC0-301F-11D3-BF4B-00C04F79EFBC}") = "API", "SpagWallet.API\API.csproj", "{45F4455E-BE54-4611-BDCF-AE7A7E151757}"
EndProject
Global
	GlobalSection(SolutionConfigurationPlatforms) = preSolution
		Debug|Any CPU = Debug|Any CPU
		Debug|x64 = Debug|x64
		Debug|x86 = Debug|x86
		Release|Any CPU = Release|Any CPU
		Release|x64 = Release|x64
		Release|x86 = Release|x86
	EndGlobalSection
	GlobalSection(ProjectConfigurationPlatforms) = postSolution
		{9ED9FCE4-B01B-4858-A3A0-6529D0BCA59B}.Debug|Any CPU.ActiveCfg = Debug|Any CPU
		{9ED9FCE4-B01B-4858-A3A0-6529D0BCA59B}.Debug|Any CPU.Build.0 = Debug|Any CPU
		{9ED9FCE4-B01B-4858-A3A0-6529D0BCA59B}.Debug|x64.ActiveCfg = Debug|Any CPU
		{9ED9FCE4-B01B-4858-A3A0-6529D0BCA59B}.Debug|x64.Build.0 = Debug|Any CPU
		{9ED9FCE4-B01B-4858-A3A0-6529D0BCA59B}.Debug|x86.ActiveCfg = Debug|Any CPU
		{9ED9FCE4-B01B-4858-A3A0-6529D0BCA59B}.Debug|x86.Build.0 = Debug|Any CPU
		{9ED9FCE4-B01B-4858-A3A0-6529D0BCA59B}.Release|Any CPU.ActiveCfg = Release|Any CPU
		{9ED9FCE4-B01B-4858-A3A0-6529D0BCA59B}.Release|Any CPU.Build.0 = Release|Any CPU
		{9ED9FCE4-B01B-4858-A3A0-6529D0BCA59B}.Release|x64.ActiveCfg = Release|Any CPU
		{9ED9FCE4-B01B-4858-A3A0-6529D0BCA59B}.Release|x64.Build.0 = Release|Any CPU
		{9ED9FCE4-B01B-4858-A3A0-6529D0BCA59B}.Release|x86.ActiveCfg = Release|Any CPU
		{9ED9FCE4-B01B-4858-A3A0-6529D0BCA59B}.Release|x86.Build.0 = Release|Any CPU
		{C3562959-7F63-413D-B779-C371F7A32232}.Debug|Any CPU.ActiveCfg = Debug|Any CPU
		{C3562959-7F63-413D-B779-C371F7A32232}.Debug|Any CPU.Build.0 = Debug|Any CPU
		{C3562959-7F63-413D-B779-C371F7A32232}.Debug|x64.ActiveCfg = Debug|Any CPU
		{C3562959-7F63-413D-B779-C371F7A32232}.Debug|x64.Build.0 = Debug|Any CPU
		{C3562959-7F63-413D-B779-C371F7A32232}.Debug|x86.ActiveCfg = Debug|Any CPU
		{C3562959-7F63-413D-B779-C371F7A32232}.Debug|x86.Build.0 = Debug|Any CPU
		{C3562959-7F63-413D-B779-C371F7A32232}.Release|Any CPU.ActiveCfg = Release|Any CPU
		{C3562959-7F63-413D-B779-C371F7A32232}.Release|Any CPU.Build.0 = Release|Any CPU
		{C3562959-7F63-413D-B779-C371F7A32232}.Release|x64.ActiveCfg = Release|Any CPU
		{C3562959-7F63-413D-B779-C371F7A32232}.Release|x64.Build.0 = Release|Any CPU
		{C3562959-7F63-413D-B779-C371F7A32232}.Release|x86.ActiveCfg = Release|Any CPU
		{C3562959-7F63-413D-B779-C371F7A32232}.Release|x86.Build.0 = Release|Any CPU
		{E53196C2-ABF7-4364-A934-52E4596F7C3A}.Debug|Any CPU.ActiveCfg = Debug|Any CPU
		{E53196C2-ABF7-4364-A934-52E4596F7C3A}.Debug|Any CPU.Build.0 = Debug|Any CPU
		{E53196C2-ABF7-4364-A934-52E4596F7C3A}.Debug|x64.ActiveCfg = Debug|Any CPU
		{E53196C2-ABF7-4364-A934-52E4596F7C3A}.Debug|x64.Build.0 = Debug|Any CPU
		{E53196C2-ABF7-4364-A934-52E4596F7C3A}.Debug|x86.ActiveCfg = Debug|Any CPU
		{E53196C2-ABF7-4364-A934-52E4596F7C3A}.Debug|x86.Build.0 = Debug|Any CPU
		{E53196C2-ABF7-4364-A934-52E4596F7C3A}.Release|Any CPU.ActiveCfg = Release|Any CPU
		{E53196C2-ABF7-4364-A934-52E4596F7C3A}.Release|Any CPU.Build.0 = Release|Any CPU
		{E53196C2-ABF7-4364-A934-52E4596F7C3A}.Release|x64.ActiveCfg = Release|Any CPU
		{E53196C2-ABF7-4364-A934-52E4596F7C3A}.Release|x64.Build.0 = Release|Any CPU
		{E53196C2-ABF7-4364-A934-52E4596F7C3A}.Release|x86.ActiveCfg = Release|Any CPU
		{E53196C2-ABF7-4364-A934-52E4596F7C3A}.Release|x86.Build.0 = Release|Any CPU
		{45F4455E-BE54-4611-BDCF-AE7A7E151757}.Debug|Any CPU.ActiveCfg = Debug|Any CPU
		{45F4455E-BE54-4611-BDCF-AE7A7E151757}.Debug|Any CPU.Build.0 = Debug|Any CPU
		{45F4455E-BE54-4611-BDCF-AE7A7E151757}.Debug|x64.ActiveCfg = Debug|Any CPU
		{45F4455E-BE54-4611-BDCF-AE7A7E151757}.Debug|x64.Build.0 = Debug|Any CPU
		{45F4455E-BE54-4611-BDCF-AE7A7E151757}.Debug|x86.ActiveCfg = Debug|Any CPU
		{45F4455E-BE54-4611-BDCF-AE7A7E151757}.Debug|x86.Build.0 = Debug|Any CPU
		{45F4455E-BE54-4611-BDCF-AE7A7E151757}.Release|Any CPU.ActiveCfg = Release|Any CPU
		{45F4455E-BE54-4611-BDCF-AE7A7E151757}.Release|Any CPU.Build.0 = Release|Any CPU
		{45F4455E-BE54-4611-BDCF-AE7A7E151757}.Release|x64.ActiveCfg = Release|Any CPU
		{45F4455E-BE54-4611-BDCF-AE7A7E151757}.Release|x64.Build.0 = Release|Any CPU
		{45F4455E-BE54-4611-BDCF-AE7A7E151757}.Release|x86.ActiveCfg = Release|Any CPU
		{45F4455E-BE54-4611-BDCF-AE7A7E151757}.Release|x86.Build.0 = Release|Any CPU
	EndGlobalSection
	GlobalSection(SolutionProperties) = preSolution
		HideSolutionNode = FALSE
	EndGlobalSection
	GlobalSection(NestedProjects) = preSolution
		{9ED9FCE4-B01B-4858-A3A0-6529D0BCA59B} = {CAD50A08-B0AA-BA0C-EDAF-0BFA994C67F9}
		{C3562959-7F63-413D-B779-C371F7A32232} = {98414593-C198-6184-71E2-0A60103D2C88}
		{E53196C2-ABF7-4364-A934-52E4596F7C3A} = {921944E4-D35A-113F-E462-031CA053FB48}
		{45F4455E-BE54-4611-BDCF-AE7A7E151757} = {1D2C0782-118A-74BB-1CEB-889D4651502A}
	EndGlobalSection
EndGlobal
